// !$*UTF8*$!
{
	archiveVersion = 1;
	classes = {
	};
	objectVersion = 56;
	objects = {

/* Begin PBXBuildFile section */
		4261275D2A080906007AB81B /* CartApp.swift in Sources */ = {isa = PBXBuildFile; fileRef = 4261275C2A080906007AB81B /* CartApp.swift */; };
		4261275F2A080906007AB81B /* ContentView.swift in Sources */ = {isa = PBXBuildFile; fileRef = 4261275E2A080906007AB81B /* ContentView.swift */; };
		426127612A080907007AB81B /* Assets.xcassets in Resources */ = {isa = PBXBuildFile; fileRef = 426127602A080907007AB81B /* Assets.xcassets */; };
		426127642A080907007AB81B /* Preview Assets.xcassets in Resources */ = {isa = PBXBuildFile; fileRef = 426127632A080907007AB81B /* Preview Assets.xcassets */; };
		4261276E2A080908007AB81B /* CartTests.swift in Sources */ = {isa = PBXBuildFile; fileRef = 4261276D2A080908007AB81B /* CartTests.swift */; };
		426127782A080908007AB81B /* CartUITests.swift in Sources */ = {isa = PBXBuildFile; fileRef = 426127772A080908007AB81B /* CartUITests.swift */; };
		4261277A2A080908007AB81B /* CartUITestsLaunchTests.swift in Sources */ = {isa = PBXBuildFile; fileRef = 426127792A080908007AB81B /* CartUITestsLaunchTests.swift */; };
		426127872A080977007AB81B /* CartView.swift in Sources */ = {isa = PBXBuildFile; fileRef = 426127862A080977007AB81B /* CartView.swift */; };
		426127892A08097F007AB81B /* ListView.swift in Sources */ = {isa = PBXBuildFile; fileRef = 426127882A08097F007AB81B /* ListView.swift */; };
		4261278D2A080B31007AB81B /* menu.json in Resources */ = {isa = PBXBuildFile; fileRef = 4261278C2A080B30007AB81B /* menu.json */; };
		4261278F2A080B40007AB81B /* MenuSection.swift in Sources */ = {isa = PBXBuildFile; fileRef = 4261278E2A080B40007AB81B /* MenuSection.swift */; };
		426127922A080C29007AB81B /* Bundle+decode.swift in Sources */ = {isa = PBXBuildFile; fileRef = 426127912A080C29007AB81B /* Bundle+decode.swift */; };
		426127942A080DE1007AB81B /* ItemRowView.swift in Sources */ = {isa = PBXBuildFile; fileRef = 426127932A080DE1007AB81B /* ItemRowView.swift */; };
		426127962A081248007AB81B /* ItemDetailView.swift in Sources */ = {isa = PBXBuildFile; fileRef = 426127952A081248007AB81B /* ItemDetailView.swift */; };
		426127982A0816C4007AB81B /* Cart.swift in Sources */ = {isa = PBXBuildFile; fileRef = 426127972A0816C4007AB81B /* Cart.swift */; };
		4261279A2A081B24007AB81B /* CheckoutView.swift in Sources */ = {isa = PBXBuildFile; fileRef = 426127992A081B24007AB81B /* CheckoutView.swift */; };
/* End PBXBuildFile section */

/* Begin PBXContainerItemProxy section */
		4261276A2A080908007AB81B /* PBXContainerItemProxy */ = {
			isa = PBXContainerItemProxy;
			containerPortal = 426127512A080906007AB81B /* Project object */;
			proxyType = 1;
			remoteGlobalIDString = 426127582A080906007AB81B;
			remoteInfo = Cart;
		};
		426127742A080908007AB81B /* PBXContainerItemProxy */ = {
			isa = PBXContainerItemProxy;
			containerPortal = 426127512A080906007AB81B /* Project object */;
			proxyType = 1;
			remoteGlobalIDString = 426127582A080906007AB81B;
			remoteInfo = Cart;
		};
/* End PBXContainerItemProxy section */

/* Begin PBXFileReference section */
		426127592A080906007AB81B /* Cart.app */ = {isa = PBXFileReference; explicitFileType = wrapper.application; includeInIndex = 0; path = Cart.app; sourceTree = BUILT_PRODUCTS_DIR; };
		4261275C2A080906007AB81B /* CartApp.swift */ = {isa = PBXFileReference; lastKnownFileType = sourcecode.swift; path = CartApp.swift; sourceTree = "<group>"; };
		4261275E2A080906007AB81B /* ContentView.swift */ = {isa = PBXFileReference; lastKnownFileType = sourcecode.swift; path = ContentView.swift; sourceTree = "<group>"; };
		426127602A080907007AB81B /* Assets.xcassets */ = {isa = PBXFileReference; lastKnownFileType = folder.assetcatalog; path = Assets.xcassets; sourceTree = "<group>"; };
		426127632A080907007AB81B /* Preview Assets.xcassets */ = {isa = PBXFileReference; lastKnownFileType = folder.assetcatalog; path = "Preview Assets.xcassets"; sourceTree = "<group>"; };
		426127692A080908007AB81B /* CartTests.xctest */ = {isa = PBXFileReference; explicitFileType = wrapper.cfbundle; includeInIndex = 0; path = CartTests.xctest; sourceTree = BUILT_PRODUCTS_DIR; };
		4261276D2A080908007AB81B /* CartTests.swift */ = {isa = PBXFileReference; lastKnownFileType = sourcecode.swift; path = CartTests.swift; sourceTree = "<group>"; };
		426127732A080908007AB81B /* CartUITests.xctest */ = {isa = PBXFileReference; explicitFileType = wrapper.cfbundle; includeInIndex = 0; path = CartUITests.xctest; sourceTree = BUILT_PRODUCTS_DIR; };
		426127772A080908007AB81B /* CartUITests.swift */ = {isa = PBXFileReference; lastKnownFileType = sourcecode.swift; path = CartUITests.swift; sourceTree = "<group>"; };
		426127792A080908007AB81B /* CartUITestsLaunchTests.swift */ = {isa = PBXFileReference; lastKnownFileType = sourcecode.swift; path = CartUITestsLaunchTests.swift; sourceTree = "<group>"; };
		426127862A080977007AB81B /* CartView.swift */ = {isa = PBXFileReference; lastKnownFileType = sourcecode.swift; path = CartView.swift; sourceTree = "<group>"; };
		426127882A08097F007AB81B /* ListView.swift */ = {isa = PBXFileReference; lastKnownFileType = sourcecode.swift; path = ListView.swift; sourceTree = "<group>"; };
		4261278C2A080B30007AB81B /* menu.json */ = {isa = PBXFileReference; fileEncoding = 4; lastKnownFileType = text.json; path = menu.json; sourceTree = "<group>"; };
		4261278E2A080B40007AB81B /* MenuSection.swift */ = {isa = PBXFileReference; lastKnownFileType = sourcecode.swift; path = MenuSection.swift; sourceTree = "<group>"; };
		426127912A080C29007AB81B /* Bundle+decode.swift */ = {isa = PBXFileReference; lastKnownFileType = sourcecode.swift; path = "Bundle+decode.swift"; sourceTree = "<group>"; };
		426127932A080DE1007AB81B /* ItemRowView.swift */ = {isa = PBXFileReference; lastKnownFileType = sourcecode.swift; path = ItemRowView.swift; sourceTree = "<group>"; };
		426127952A081248007AB81B /* ItemDetailView.swift */ = {isa = PBXFileReference; lastKnownFileType = sourcecode.swift; path = ItemDetailView.swift; sourceTree = "<group>"; };
		426127972A0816C4007AB81B /* Cart.swift */ = {isa = PBXFileReference; lastKnownFileType = sourcecode.swift; path = Cart.swift; sourceTree = "<group>"; };
		426127992A081B24007AB81B /* CheckoutView.swift */ = {isa = PBXFileReference; lastKnownFileType = sourcecode.swift; path = CheckoutView.swift; sourceTree = "<group>"; };
/* End PBXFileReference section */

/* Begin PBXFrameworksBuildPhase section */
		426127562A080906007AB81B /* Frameworks */ = {
			isa = PBXFrameworksBuildPhase;
			buildActionMask = 2147483647;
			files = (
			);
			runOnlyForDeploymentPostprocessing = 0;
		};
		426127662A080908007AB81B /* Frameworks */ = {
			isa = PBXFrameworksBuildPhase;
			buildActionMask = 2147483647;
			files = (
			);
			runOnlyForDeploymentPostprocessing = 0;
		};
		426127702A080908007AB81B /* Frameworks */ = {
			isa = PBXFrameworksBuildPhase;
			buildActionMask = 2147483647;
			files = (
			);
			runOnlyForDeploymentPostprocessing = 0;
		};
/* End PBXFrameworksBuildPhase section */

/* Begin PBXGroup section */
		426127502A080906007AB81B = {
			isa = PBXGroup;
			children = (
				4261275B2A080906007AB81B /* Cart */,
				4261276C2A080908007AB81B /* CartTests */,
				426127762A080908007AB81B /* CartUITests */,
				4261275A2A080906007AB81B /* Products */,
			);
			sourceTree = "<group>";
		};
		4261275A2A080906007AB81B /* Products */ = {
			isa = PBXGroup;
			children = (
				426127592A080906007AB81B /* Cart.app */,
				426127692A080908007AB81B /* CartTests.xctest */,
				426127732A080908007AB81B /* CartUITests.xctest */,
			);
			name = Products;
			sourceTree = "<group>";
		};
		4261275B2A080906007AB81B /* Cart */ = {
			isa = PBXGroup;
			children = (
				426127902A080C1A007AB81B /* Extensions */,
				4261278B2A080B10007AB81B /* Views */,
				4261278A2A080B0C007AB81B /* Data */,
				4261275C2A080906007AB81B /* CartApp.swift */,
				426127602A080907007AB81B /* Assets.xcassets */,
				4261278C2A080B30007AB81B /* menu.json */,
				426127622A080907007AB81B /* Preview Content */,
			);
			path = Cart;
			sourceTree = "<group>";
		};
		426127622A080907007AB81B /* Preview Content */ = {
			isa = PBXGroup;
			children = (
				426127632A080907007AB81B /* Preview Assets.xcassets */,
			);
			path = "Preview Content";
			sourceTree = "<group>";
		};
		4261276C2A080908007AB81B /* CartTests */ = {
			isa = PBXGroup;
			children = (
				4261276D2A080908007AB81B /* CartTests.swift */,
			);
			path = CartTests;
			sourceTree = "<group>";
		};
		426127762A080908007AB81B /* CartUITests */ = {
			isa = PBXGroup;
			children = (
				426127772A080908007AB81B /* CartUITests.swift */,
				426127792A080908007AB81B /* CartUITestsLaunchTests.swift */,
			);
			path = CartUITests;
			sourceTree = "<group>";
		};
		4261278A2A080B0C007AB81B /* Data */ = {
			isa = PBXGroup;
			children = (
				4261278E2A080B40007AB81B /* MenuSection.swift */,
				426127972A0816C4007AB81B /* Cart.swift */,
			);
			path = Data;
			sourceTree = "<group>";
		};
		4261278B2A080B10007AB81B /* Views */ = {
			isa = PBXGroup;
			children = (
				426127882A08097F007AB81B /* ListView.swift */,
				4261275E2A080906007AB81B /* ContentView.swift */,
				426127862A080977007AB81B /* CartView.swift */,
				426127932A080DE1007AB81B /* ItemRowView.swift */,
				426127952A081248007AB81B /* ItemDetailView.swift */,
				426127992A081B24007AB81B /* CheckoutView.swift */,
			);
			path = Views;
			sourceTree = "<group>";
		};
		426127902A080C1A007AB81B /* Extensions */ = {
			isa = PBXGroup;
			children = (
				426127912A080C29007AB81B /* Bundle+decode.swift */,
			);
			path = Extensions;
			sourceTree = "<group>";
		};
/* End PBXGroup section */

/* Begin PBXNativeTarget section */
		426127582A080906007AB81B /* Cart */ = {
			isa = PBXNativeTarget;
			buildConfigurationList = 4261277D2A080908007AB81B /* Build configuration list for PBXNativeTarget "Cart" */;
			buildPhases = (
				426127552A080906007AB81B /* Sources */,
				426127562A080906007AB81B /* Frameworks */,
				426127572A080906007AB81B /* Resources */,
			);
			buildRules = (
			);
			dependencies = (
			);
			name = Cart;
			productName = Cart;
			productReference = 426127592A080906007AB81B /* Cart.app */;
			productType = "com.apple.product-type.application";
		};
		426127682A080908007AB81B /* CartTests */ = {
			isa = PBXNativeTarget;
			buildConfigurationList = 426127802A080908007AB81B /* Build configuration list for PBXNativeTarget "CartTests" */;
			buildPhases = (
				426127652A080908007AB81B /* Sources */,
				426127662A080908007AB81B /* Frameworks */,
				426127672A080908007AB81B /* Resources */,
			);
			buildRules = (
			);
			dependencies = (
				4261276B2A080908007AB81B /* PBXTargetDependency */,
			);
			name = CartTests;
			productName = CartTests;
			productReference = 426127692A080908007AB81B /* CartTests.xctest */;
			productType = "com.apple.product-type.bundle.unit-test";
		};
		426127722A080908007AB81B /* CartUITests */ = {
			isa = PBXNativeTarget;
			buildConfigurationList = 426127832A080908007AB81B /* Build configuration list for PBXNativeTarget "CartUITests" */;
			buildPhases = (
				4261276F2A080908007AB81B /* Sources */,
				426127702A080908007AB81B /* Frameworks */,
				426127712A080908007AB81B /* Resources */,
			);
			buildRules = (
			);
			dependencies = (
				426127752A080908007AB81B /* PBXTargetDependency */,
			);
			name = CartUITests;
			productName = CartUITests;
			productReference = 426127732A080908007AB81B /* CartUITests.xctest */;
			productType = "com.apple.product-type.bundle.ui-testing";
		};
/* End PBXNativeTarget section */

/* Begin PBXProject section */
		426127512A080906007AB81B /* Project object */ = {
			isa = PBXProject;
			attributes = {
				BuildIndependentTargetsInParallel = 1;
				LastSwiftUpdateCheck = 1420;
				LastUpgradeCheck = 1420;
				TargetAttributes = {
					426127582A080906007AB81B = {
						CreatedOnToolsVersion = 14.2;
					};
					426127682A080908007AB81B = {
						CreatedOnToolsVersion = 14.2;
						TestTargetID = 426127582A080906007AB81B;
					};
					426127722A080908007AB81B = {
						CreatedOnToolsVersion = 14.2;
						TestTargetID = 426127582A080906007AB81B;
					};
				};
			};
			buildConfigurationList = 426127542A080906007AB81B /* Build configuration list for PBXProject "Cart" */;
			compatibilityVersion = "Xcode 14.0";
			developmentRegion = en;
			hasScannedForEncodings = 0;
			knownRegions = (
				en,
				Base,
			);
			mainGroup = 426127502A080906007AB81B;
			productRefGroup = 4261275A2A080906007AB81B /* Products */;
			projectDirPath = "";
			projectRoot = "";
			targets = (
				426127582A080906007AB81B /* Cart */,
				426127682A080908007AB81B /* CartTests */,
				426127722A080908007AB81B /* CartUITests */,
			);
		};
/* End PBXProject section */

/* Begin PBXResourcesBuildPhase section */
		426127572A080906007AB81B /* Resources */ = {
			isa = PBXResourcesBuildPhase;
			buildActionMask = 2147483647;
			files = (
				4261278D2A080B31007AB81B /* menu.json in Resources */,
				426127642A080907007AB81B /* Preview Assets.xcassets in Resources */,
				426127612A080907007AB81B /* Assets.xcassets in Resources */,
			);
			runOnlyForDeploymentPostprocessing = 0;
		};
		426127672A080908007AB81B /* Resources */ = {
			isa = PBXResourcesBuildPhase;
			buildActionMask = 2147483647;
			files = (
			);
			runOnlyForDeploymentPostprocessing = 0;
		};
		426127712A080908007AB81B /* Resources */ = {
			isa = PBXResourcesBuildPhase;
			buildActionMask = 2147483647;
			files = (
			);
			runOnlyForDeploymentPostprocessing = 0;
		};
/* End PBXResourcesBuildPhase section */

/* Begin PBXSourcesBuildPhase section */
		426127552A080906007AB81B /* Sources */ = {
			isa = PBXSourcesBuildPhase;
			buildActionMask = 2147483647;
			files = (
				426127942A080DE1007AB81B /* ItemRowView.swift in Sources */,
				426127982A0816C4007AB81B /* Cart.swift in Sources */,
				4261279A2A081B24007AB81B /* CheckoutView.swift in Sources */,
				4261278F2A080B40007AB81B /* MenuSection.swift in Sources */,
				426127922A080C29007AB81B /* Bundle+decode.swift in Sources */,
				426127892A08097F007AB81B /* ListView.swift in Sources */,
				426127962A081248007AB81B /* ItemDetailView.swift in Sources */,
				426127872A080977007AB81B /* CartView.swift in Sources */,
				4261275F2A080906007AB81B /* ContentView.swift in Sources */,
				4261275D2A080906007AB81B /* CartApp.swift in Sources */,
			);
			runOnlyForDeploymentPostprocessing = 0;
		};
		426127652A080908007AB81B /* Sources */ = {
			isa = PBXSourcesBuildPhase;
			buildActionMask = 2147483647;
			files = (
				4261276E2A080908007AB81B /* CartTests.swift in Sources */,
			);
			runOnlyForDeploymentPostprocessing = 0;
		};
		4261276F2A080908007AB81B /* Sources */ = {
			isa = PBXSourcesBuildPhase;
			buildActionMask = 2147483647;
			files = (
				4261277A2A080908007AB81B /* CartUITestsLaunchTests.swift in Sources */,
				426127782A080908007AB81B /* CartUITests.swift in Sources */,
			);
			runOnlyForDeploymentPostprocessing = 0;
		};
/* End PBXSourcesBuildPhase section */

/* Begin PBXTargetDependency section */
		4261276B2A080908007AB81B /* PBXTargetDependency */ = {
			isa = PBXTargetDependency;
			target = 426127582A080906007AB81B /* Cart */;
			targetProxy = 4261276A2A080908007AB81B /* PBXContainerItemProxy */;
		};
		426127752A080908007AB81B /* PBXTargetDependency */ = {
			isa = PBXTargetDependency;
			target = 426127582A080906007AB81B /* Cart */;
			targetProxy = 426127742A080908007AB81B /* PBXContainerItemProxy */;
		};
/* End PBXTargetDependency section */

/* Begin XCBuildConfiguration section */
		4261277B2A080908007AB81B /* Debug */ = {
			isa = XCBuildConfiguration;
			buildSettings = {
				ALWAYS_SEARCH_USER_PATHS = NO;
				CLANG_ANALYZER_NONNULL = YES;
				CLANG_ANALYZER_NUMBER_OBJECT_CONVERSION = YES_AGGRESSIVE;
				CLANG_CXX_LANGUAGE_STANDARD = "gnu++20";
				CLANG_ENABLE_MODULES = YES;
				CLANG_ENABLE_OBJC_ARC = YES;
				CLANG_ENABLE_OBJC_WEAK = YES;
				CLANG_WARN_BLOCK_CAPTURE_AUTORELEASING = YES;
				CLANG_WARN_BOOL_CONVERSION = YES;
				CLANG_WARN_COMMA = YES;
				CLANG_WARN_CONSTANT_CONVERSION = YES;
				CLANG_WARN_DEPRECATED_OBJC_IMPLEMENTATIONS = YES;
				CLANG_WARN_DIRECT_OBJC_ISA_USAGE = YES_ERROR;
				CLANG_WARN_DOCUMENTATION_COMMENTS = YES;
				CLANG_WARN_EMPTY_BODY = YES;
				CLANG_WARN_ENUM_CONVERSION = YES;
				CLANG_WARN_INFINITE_RECURSION = YES;
				CLANG_WARN_INT_CONVERSION = YES;
				CLANG_WARN_NON_LITERAL_NULL_CONVERSION = YES;
				CLANG_WARN_OBJC_IMPLICIT_RETAIN_SELF = YES;
				CLANG_WARN_OBJC_LITERAL_CONVERSION = YES;
				CLANG_WARN_OBJC_ROOT_CLASS = YES_ERROR;
				CLANG_WARN_QUOTED_INCLUDE_IN_FRAMEWORK_HEADER = YES;
				CLANG_WARN_RANGE_LOOP_ANALYSIS = YES;
				CLANG_WARN_STRICT_PROTOTYPES = YES;
				CLANG_WARN_SUSPICIOUS_MOVE = YES;
				CLANG_WARN_UNGUARDED_AVAILABILITY = YES_AGGRESSIVE;
				CLANG_WARN_UNREACHABLE_CODE = YES;
				CLANG_WARN__DUPLICATE_METHOD_MATCH = YES;
				COPY_PHASE_STRIP = NO;
				DEBUG_INFORMATION_FORMAT = dwarf;
				ENABLE_STRICT_OBJC_MSGSEND = YES;
				ENABLE_TESTABILITY = YES;
				GCC_C_LANGUAGE_STANDARD = gnu11;
				GCC_DYNAMIC_NO_PIC = NO;
				GCC_NO_COMMON_BLOCKS = YES;
				GCC_OPTIMIZATION_LEVEL = 0;
				GCC_PREPROCESSOR_DEFINITIONS = (
					"DEBUG=1",
					"$(inherited)",
				);
				GCC_WARN_64_TO_32_BIT_CONVERSION = YES;
				GCC_WARN_ABOUT_RETURN_TYPE = YES_ERROR;
				GCC_WARN_UNDECLARED_SELECTOR = YES;
				GCC_WARN_UNINITIALIZED_AUTOS = YES_AGGRESSIVE;
				GCC_WARN_UNUSED_FUNCTION = YES;
				GCC_WARN_UNUSED_VARIABLE = YES;
				IPHONEOS_DEPLOYMENT_TARGET = 16.2;
				MTL_ENABLE_DEBUG_INFO = INCLUDE_SOURCE;
				MTL_FAST_MATH = YES;
				ONLY_ACTIVE_ARCH = YES;
				SDKROOT = iphoneos;
				SWIFT_ACTIVE_COMPILATION_CONDITIONS = DEBUG;
				SWIFT_OPTIMIZATION_LEVEL = "-Onone";
			};
			name = Debug;
		};
		4261277C2A080908007AB81B /* Release */ = {
			isa = XCBuildConfiguration;
			buildSettings = {
				ALWAYS_SEARCH_USER_PATHS = NO;
				CLANG_ANALYZER_NONNULL = YES;
				CLANG_ANALYZER_NUMBER_OBJECT_CONVERSION = YES_AGGRESSIVE;
				CLANG_CXX_LANGUAGE_STANDARD = "gnu++20";
				CLANG_ENABLE_MODULES = YES;
				CLANG_ENABLE_OBJC_ARC = YES;
				CLANG_ENABLE_OBJC_WEAK = YES;
				CLANG_WARN_BLOCK_CAPTURE_AUTORELEASING = YES;
				CLANG_WARN_BOOL_CONVERSION = YES;
				CLANG_WARN_COMMA = YES;
				CLANG_WARN_CONSTANT_CONVERSION = YES;
				CLANG_WARN_DEPRECATED_OBJC_IMPLEMENTATIONS = YES;
				CLANG_WARN_DIRECT_OBJC_ISA_USAGE = YES_ERROR;
				CLANG_WARN_DOCUMENTATION_COMMENTS = YES;
				CLANG_WARN_EMPTY_BODY = YES;
				CLANG_WARN_ENUM_CONVERSION = YES;
				CLANG_WARN_INFINITE_RECURSION = YES;
				CLANG_WARN_INT_CONVERSION = YES;
				CLANG_WARN_NON_LITERAL_NULL_CONVERSION = YES;
				CLANG_WARN_OBJC_IMPLICIT_RETAIN_SELF = YES;
				CLANG_WARN_OBJC_LITERAL_CONVERSION = YES;
				CLANG_WARN_OBJC_ROOT_CLASS = YES_ERROR;
				CLANG_WARN_QUOTED_INCLUDE_IN_FRAMEWORK_HEADER = YES;
				CLANG_WARN_RANGE_LOOP_ANALYSIS = YES;
				CLANG_WARN_STRICT_PROTOTYPES = YES;
				CLANG_WARN_SUSPICIOUS_MOVE = YES;
				CLANG_WARN_UNGUARDED_AVAILABILITY = YES_AGGRESSIVE;
				CLANG_WARN_UNREACHABLE_CODE = YES;
				CLANG_WARN__DUPLICATE_METHOD_MATCH = YES;
				COPY_PHASE_STRIP = NO;
				DEBUG_INFORMATION_FORMAT = "dwarf-with-dsym";
				ENABLE_NS_ASSERTIONS = NO;
				ENABLE_STRICT_OBJC_MSGSEND = YES;
				GCC_C_LANGUAGE_STANDARD = gnu11;
				GCC_NO_COMMON_BLOCKS = YES;
				GCC_WARN_64_TO_32_BIT_CONVERSION = YES;
				GCC_WARN_ABOUT_RETURN_TYPE = YES_ERROR;
				GCC_WARN_UNDECLARED_SELECTOR = YES;
				GCC_WARN_UNINITIALIZED_AUTOS = YES_AGGRESSIVE;
				GCC_WARN_UNUSED_FUNCTION = YES;
				GCC_WARN_UNUSED_VARIABLE = YES;
				IPHONEOS_DEPLOYMENT_TARGET = 16.2;
				MTL_ENABLE_DEBUG_INFO = NO;
				MTL_FAST_MATH = YES;
				SDKROOT = iphoneos;
				SWIFT_COMPILATION_MODE = wholemodule;
				SWIFT_OPTIMIZATION_LEVEL = "-O";
				VALIDATE_PRODUCT = YES;
			};
			name = Release;
		};
		4261277E2A080908007AB81B /* Debug */ = {
			isa = XCBuildConfiguration;
			buildSettings = {
				ASSETCATALOG_COMPILER_APPICON_NAME = AppIcon;
				ASSETCATALOG_COMPILER_GLOBAL_ACCENT_COLOR_NAME = AccentColor;
				CODE_SIGN_STYLE = Automatic;
				CURRENT_PROJECT_VERSION = 1;
				DEVELOPMENT_ASSET_PATHS = "\"Cart/Preview Content\"";
				DEVELOPMENT_TEAM = 2J9AJ38T95;
				ENABLE_PREVIEWS = YES;
				GENERATE_INFOPLIST_FILE = YES;
				INFOPLIST_KEY_UIApplicationSceneManifest_Generation = YES;
				INFOPLIST_KEY_UIApplicationSupportsIndirectInputEvents = YES;
				INFOPLIST_KEY_UILaunchScreen_Generation = YES;
				INFOPLIST_KEY_UISupportedInterfaceOrientations_iPad = "UIInterfaceOrientationPortrait UIInterfaceOrientationPortraitUpsideDown UIInterfaceOrientationLandscapeLeft UIInterfaceOrientationLandscapeRight";
				INFOPLIST_KEY_UISupportedInterfaceOrientations_iPhone = "UIInterfaceOrientationPortrait UIInterfaceOrientationLandscapeLeft UIInterfaceOrientationLandscapeRight";
				LD_RUNPATH_SEARCH_PATHS = (
					"$(inherited)",
					"@executable_path/Frameworks",
				);
				MARKETING_VERSION = 1.0;
				PRODUCT_BUNDLE_IDENTIFIER = com.lexot.Cart;
				PRODUCT_NAME = "$(TARGET_NAME)";
				SWIFT_EMIT_LOC_STRINGS = YES;
				SWIFT_VERSION = 5.0;
				TARGETED_DEVICE_FAMILY = "1,2";
			};
			name = Debug;
		};
		4261277F2A080908007AB81B /* Release */ = {
			isa = XCBuildConfiguration;
			buildSettings = {
				ASSETCATALOG_COMPILER_APPICON_NAME = AppIcon;
				ASSETCATALOG_COMPILER_GLOBAL_ACCENT_COLOR_NAME = AccentColor;
				CODE_SIGN_STYLE = Automatic;
				CURRENT_PROJECT_VERSION = 1;
				DEVELOPMENT_ASSET_PATHS = "\"Cart/Preview Content\"";
				DEVELOPMENT_TEAM = 2J9AJ38T95;
				ENABLE_PREVIEWS = YES;
				GENERATE_INFOPLIST_FILE = YES;
				INFOPLIST_KEY_UIApplicationSceneManifest_Generation = YES;
				INFOPLIST_KEY_UIApplicationSupportsIndirectInputEvents = YES;
				INFOPLIST_KEY_UILaunchScreen_Generation = YES;
				INFOPLIST_KEY_UISupportedInterfaceOrientations_iPad = "UIInterfaceOrientationPortrait UIInterfaceOrientationPortraitUpsideDown UIInterfaceOrientationLandscapeLeft UIInterfaceOrientationLandscapeRight";
				INFOPLIST_KEY_UISupportedInterfaceOrientations_iPhone = "UIInterfaceOrientationPortrait UIInterfaceOrientationLandscapeLeft UIInterfaceOrientationLandscapeRight";
				LD_RUNPATH_SEARCH_PATHS = (
					"$(inherited)",
					"@executable_path/Frameworks",
				);
				MARKETING_VERSION = 1.0;
				PRODUCT_BUNDLE_IDENTIFIER = com.lexot.Cart;
				PRODUCT_NAME = "$(TARGET_NAME)";
				SWIFT_EMIT_LOC_STRINGS = YES;
				SWIFT_VERSION = 5.0;
				TARGETED_DEVICE_FAMILY = "1,2";
			};
			name = Release;
		};
		426127812A080908007AB81B /* Debug */ = {
			isa = XCBuildConfiguration;
			buildSettings = {
				ALWAYS_EMBED_SWIFT_STANDARD_LIBRARIES = YES;
				BUNDLE_LOADER = "$(TEST_HOST)";
				CODE_SIGN_STYLE = Automatic;
				CURRENT_PROJECT_VERSION = 1;
				DEVELOPMENT_TEAM = 2J9AJ38T95;
				GENERATE_INFOPLIST_FILE = YES;
				IPHONEOS_DEPLOYMENT_TARGET = 16.2;
				MARKETING_VERSION = 1.0;
				PRODUCT_BUNDLE_IDENTIFIER = com.lexot.CartTests;
				PRODUCT_NAME = "$(TARGET_NAME)";
				SWIFT_EMIT_LOC_STRINGS = NO;
				SWIFT_VERSION = 5.0;
				TARGETED_DEVICE_FAMILY = "1,2";
				TEST_HOST = "$(BUILT_PRODUCTS_DIR)/Cart.app/$(BUNDLE_EXECUTABLE_FOLDER_PATH)/Cart";
			};
			name = Debug;
		};
		426127822A080908007AB81B /* Release */ = {
			isa = XCBuildConfiguration;
			buildSettings = {
				ALWAYS_EMBED_SWIFT_STANDARD_LIBRARIES = YES;
				BUNDLE_LOADER = "$(TEST_HOST)";
				CODE_SIGN_STYLE = Automatic;
				CURRENT_PROJECT_VERSION = 1;
				DEVELOPMENT_TEAM = 2J9AJ38T95;
				GENERATE_INFOPLIST_FILE = YES;
				IPHONEOS_DEPLOYMENT_TARGET = 16.2;
				MARKETING_VERSION = 1.0;
				PRODUCT_BUNDLE_IDENTIFIER = com.lexot.CartTests;
				PRODUCT_NAME = "$(TARGET_NAME)";
				SWIFT_EMIT_LOC_STRINGS = NO;
				SWIFT_VERSION = 5.0;
				TARGETED_DEVICE_FAMILY = "1,2";
				TEST_HOST = "$(BUILT_PRODUCTS_DIR)/Cart.app/$(BUNDLE_EXECUTABLE_FOLDER_PATH)/Cart";
			};
			name = Release;
		};
		426127842A080908007AB81B /* Debug */ = {
			isa = XCBuildConfiguration;
			buildSettings = {
				ALWAYS_EMBED_SWIFT_STANDARD_LIBRARIES = YES;
				CODE_SIGN_STYLE = Automatic;
				CURRENT_PROJECT_VERSION = 1;
				DEVELOPMENT_TEAM = 2J9AJ38T95;
				GENERATE_INFOPLIST_FILE = YES;
				MARKETING_VERSION = 1.0;
				PRODUCT_BUNDLE_IDENTIFIER = com.lexot.CartUITests;
				PRODUCT_NAME = "$(TARGET_NAME)";
				SWIFT_EMIT_LOC_STRINGS = NO;
				SWIFT_VERSION = 5.0;
				TARGETED_DEVICE_FAMILY = "1,2";
				TEST_TARGET_NAME = Cart;
			};
			name = Debug;
		};
		426127852A080908007AB81B /* Release */ = {
			isa = XCBuildConfiguration;
			buildSettings = {
				ALWAYS_EMBED_SWIFT_STANDARD_LIBRARIES = YES;
				CODE_SIGN_STYLE = Automatic;
				CURRENT_PROJECT_VERSION = 1;
				DEVELOPMENT_TEAM = 2J9AJ38T95;
				GENERATE_INFOPLIST_FILE = YES;
				MARKETING_VERSION = 1.0;
				PRODUCT_BUNDLE_IDENTIFIER = com.lexot.CartUITests;
				PRODUCT_NAME = "$(TARGET_NAME)";
				SWIFT_EMIT_LOC_STRINGS = NO;
				SWIFT_VERSION = 5.0;
				TARGETED_DEVICE_FAMILY = "1,2";
				TEST_TARGET_NAME = Cart;
			};
			name = Release;
		};
/* End XCBuildConfiguration section */

/* Begin XCConfigurationList section */
		426127542A080906007AB81B /* Build configuration list for PBXProject "Cart" */ = {
			isa = XCConfigurationList;
			buildConfigurations = (
				4261277B2A080908007AB81B /* Debug */,
				4261277C2A080908007AB81B /* Release */,
			);
			defaultConfigurationIsVisible = 0;
			defaultConfigurationName = Release;
		};
		4261277D2A080908007AB81B /* Build configuration list for PBXNativeTarget "Cart" */ = {
			isa = XCConfigurationList;
			buildConfigurations = (
				4261277E2A080908007AB81B /* Debug */,
				4261277F2A080908007AB81B /* Release */,
			);
			defaultConfigurationIsVisible = 0;
			defaultConfigurationName = Release;
		};
		426127802A080908007AB81B /* Build configuration list for PBXNativeTarget "CartTests" */ = {
			isa = XCConfigurationList;
			buildConfigurations = (
				426127812A080908007AB81B /* Debug */,
				426127822A080908007AB81B /* Release */,
			);
			defaultConfigurationIsVisible = 0;
			defaultConfigurationName = Release;
		};
		426127832A080908007AB81B /* Build configuration list for PBXNativeTarget "CartUITests" */ = {
			isa = XCConfigurationList;
			buildConfigurations = (
				426127842A080908007AB81B /* Debug */,
				426127852A080908007AB81B /* Release */,
			);
			defaultConfigurationIsVisible = 0;
			defaultConfigurationName = Release;
		};
/* End XCConfigurationList section */
	};
	rootObject = 426127512A080906007AB81B /* Project object */;
}
